
Microsoft Visual Studio Solution File, Format Version 12.00
# Visual Studio Version 17
VisualStudioVersion = 17.9.34607.119
MinimumVisualStudioVersion = 10.0.40219.1
Project("{FAE04EC0-301F-11D3-BF4B-00C04F79EFBC}") = "NocturnalBrews", "NocturnalBrews\NocturnalBrews.csproj", "{81555B0C-C933-4E2A-9B9B-6C65369BECE9}"
EndProject
Global
	GlobalSection(SolutionConfigurationPlatforms) = preSolution
		Debug|Any CPU = Debug|Any CPU
		Release|Any CPU = Release|Any CPU
	EndGlobalSection
	GlobalSection(ProjectConfigurationPlatforms) = postSolution
		{81555B0C-C933-4E2A-9B9B-6C65369BECE9}.Debug|Any CPU.ActiveCfg = Debug|Any CPU
		{81555B0C-C933-4E2A-9B9B-6C65369BECE9}.Debug|Any CPU.Build.0 = Debug|Any CPU
		{81555B0C-C933-4E2A-9B9B-6C65369BECE9}.Release|Any CPU.ActiveCfg = Release|Any CPU
		{81555B0C-C933-4E2A-9B9B-6C65369BECE9}.Release|Any CPU.Build.0 = Release|Any CPU
	EndGlobalSection
	GlobalSection(SolutionProperties) = preSolution
		HideSolutionNode = FALSE
	EndGlobalSection
	GlobalSection(ExtensibilityGlobals) = postSolution
		SolutionGuid = {6D4AE6D7-3B87-43C8-A540-A6358E3E696E}
	EndGlobalSection
EndGlobal
